{
  "name": "a2-root",
  "version": "1.0.0",
  "lockfileVersion": 2,
  "requires": true,
  "packages": {
    "": {
      "name": "a2-root",
      "version": "1.0.0",
      "workspaces": [
        "packages/*",
        "services/*"
      ]
    },
    "node_modules/common": {
      "resolved": "packages/common",
      "link": true
    },
    "node_modules/external-integration": {
      "resolved": "services/external-integration",
      "link": true
    },
    "node_modules/logging": {
      "resolved": "packages/logging",
      "link": true
    },
    "node_modules/monitoring-reporting": {
      "resolved": "services/monitoring-reporting",
      "link": true
    },
    "node_modules/role-registry": {
      "resolved": "services/role-registry",
      "link": true
    },
    "node_modules/swarm-manager": {
      "resolved": "services/swarm-manager",
      "link": true
    },
    "node_modules/task-management": {
      "resolved": "services/task-management",
      "link": true
    },
    "node_modules/user-interface": {
      "resolved": "services/user-interface",
      "link": true
    },
    "packages/common": {
      "version": "1.0.0"
    },
    "packages/logging": {
      "version": "1.0.0"
    },
    "services/external-integration": {
      "version": "1.0.0"
    },
    "services/monitoring-reporting": {
      "version": "1.0.0"
    },
    "services/role-registry": {
      "version": "1.0.0"
    },
    "services/swarm-manager": {
      "version": "1.0.0"
    },
    "services/task-management": {
      "version": "1.0.0"
    },
    "services/user-interface": {
      "version": "1.0.0"
    }
  },
  "dependencies": {
    "common": {
      "version": "file:packages/common"
    },
    "external-integration": {
      "version": "file:services/external-integration"
    },
    "logging": {
      "version": "file:packages/logging"
    },
    "monitoring-reporting": {
      "version": "file:services/monitoring-reporting"
    },
    "role-registry": {
      "version": "file:services/role-registry"
    },
    "swarm-manager": {
      "version": "file:services/swarm-manager"
    },
    "task-management": {
      "version": "file:services/task-management"
    },
    "user-interface": {
      "version": "file:services/user-interface"
    }
  }
}
